lockfileVersion: '9.0'

settings:
  autoInstallPeers: true
  excludeLinksFromLockfile: false

importers:

  .:
    dependencies:
      '@kristjan.esperanto/leaflet.markercluster':
        specifier: ^3.0.0
        version: 3.0.0(leaflet@2.0.0-alpha)
      leaflet:
        specifier: 2.0.0-alpha
        version: 2.0.0-alpha
      leaflet-polydraw:
        specifier: ^1.3.1
        version: 1.3.1(leaflet@2.0.0-alpha)
    devDependencies:
      vite:
        specifier: ^7.2.4
        version: 7.3.1

packages:

  '@esbuild/aix-ppc64@0.27.2':
    resolution: {integrity: sha512-GZMB+a0mOMZs4MpDbj8RJp4cw+w1WV5NYD6xzgvzUJ5Ek2jerwfO2eADyI6ExDSUED+1X8aMbegahsJi+8mgpw==}
    engines: {node: '>=18'}
    cpu: [ppc64]
    os: [aix]

  '@esbuild/android-arm64@0.27.2':
    resolution: {integrity: sha512-pvz8ZZ7ot/RBphf8fv60ljmaoydPU12VuXHImtAs0XhLLw+EXBi2BLe3OYSBslR4rryHvweW5gmkKFwTiFy6KA==}
    engines: {node: '>=18'}
    cpu: [arm64]
    os: [android]

  '@esbuild/android-arm@0.27.2':
    resolution: {integrity: sha512-DVNI8jlPa7Ujbr1yjU2PfUSRtAUZPG9I1RwW4F4xFB1Imiu2on0ADiI/c3td+KmDtVKNbi+nffGDQMfcIMkwIA==}
    engines: {node: '>=18'}
    cpu: [arm]
    os: [android]

  '@esbuild/android-x64@0.27.2':
    resolution: {integrity: sha512-z8Ank4Byh4TJJOh4wpz8g2vDy75zFL0TlZlkUkEwYXuPSgX8yzep596n6mT7905kA9uHZsf/o2OJZubl2l3M7A==}
    engines: {node: '>=18'}
    cpu: [x64]
    os: [android]

  '@esbuild/darwin-arm64@0.27.2':
    resolution: {integrity: sha512-davCD2Zc80nzDVRwXTcQP/28fiJbcOwvdolL0sOiOsbwBa72kegmVU0Wrh1MYrbuCL98Omp5dVhQFWRKR2ZAlg==}
    engines: {node: '>=18'}
    cpu: [arm64]
    os: [darwin]

  '@esbuild/darwin-x64@0.27.2':
    resolution: {integrity: sha512-ZxtijOmlQCBWGwbVmwOF/UCzuGIbUkqB1faQRf5akQmxRJ1ujusWsb3CVfk/9iZKr2L5SMU5wPBi1UWbvL+VQA==}
    engines: {node: '>=18'}
    cpu: [x64]
    os: [darwin]

  '@esbuild/freebsd-arm64@0.27.2':
    resolution: {integrity: sha512-lS/9CN+rgqQ9czogxlMcBMGd+l8Q3Nj1MFQwBZJyoEKI50XGxwuzznYdwcav6lpOGv5BqaZXqvBSiB/kJ5op+g==}
    engines: {node: '>=18'}
    cpu: [arm64]
    os: [freebsd]

  '@esbuild/freebsd-x64@0.27.2':
    resolution: {integrity: sha512-tAfqtNYb4YgPnJlEFu4c212HYjQWSO/w/h/lQaBK7RbwGIkBOuNKQI9tqWzx7Wtp7bTPaGC6MJvWI608P3wXYA==}
    engines: {node: '>=18'}
    cpu: [x64]
    os: [freebsd]

  '@esbuild/linux-arm64@0.27.2':
    resolution: {integrity: sha512-hYxN8pr66NsCCiRFkHUAsxylNOcAQaxSSkHMMjcpx0si13t1LHFphxJZUiGwojB1a/Hd5OiPIqDdXONia6bhTw==}
    engines: {node: '>=18'}
    cpu: [arm64]
    os: [linux]

  '@esbuild/linux-arm@0.27.2':
    resolution: {integrity: sha512-vWfq4GaIMP9AIe4yj1ZUW18RDhx6EPQKjwe7n8BbIecFtCQG4CfHGaHuh7fdfq+y3LIA2vGS/o9ZBGVxIDi9hw==}
    engines: {node: '>=18'}
    cpu: [arm]
    os: [linux]

  '@esbuild/linux-ia32@0.27.2':
    resolution: {integrity: sha512-MJt5BRRSScPDwG2hLelYhAAKh9imjHK5+NE/tvnRLbIqUWa+0E9N4WNMjmp/kXXPHZGqPLxggwVhz7QP8CTR8w==}
    engines: {node: '>=18'}
    cpu: [ia32]
    os: [linux]

  '@esbuild/linux-loong64@0.27.2':
    resolution: {integrity: sha512-lugyF1atnAT463aO6KPshVCJK5NgRnU4yb3FUumyVz+cGvZbontBgzeGFO1nF+dPueHD367a2ZXe1NtUkAjOtg==}
    engines: {node: '>=18'}
    cpu: [loong64]
    os: [linux]

  '@esbuild/linux-mips64el@0.27.2':
    resolution: {integrity: sha512-nlP2I6ArEBewvJ2gjrrkESEZkB5mIoaTswuqNFRv/WYd+ATtUpe9Y09RnJvgvdag7he0OWgEZWhviS1OTOKixw==}
    engines: {node: '>=18'}
    cpu: [mips64el]
    os: [linux]

  '@esbuild/linux-ppc64@0.27.2':
    resolution: {integrity: sha512-C92gnpey7tUQONqg1n6dKVbx3vphKtTHJaNG2Ok9lGwbZil6DrfyecMsp9CrmXGQJmZ7iiVXvvZH6Ml5hL6XdQ==}
    engines: {node: '>=18'}
    cpu: [ppc64]
    os: [linux]

  '@esbuild/linux-riscv64@0.27.2':
    resolution: {integrity: sha512-B5BOmojNtUyN8AXlK0QJyvjEZkWwy/FKvakkTDCziX95AowLZKR6aCDhG7LeF7uMCXEJqwa8Bejz5LTPYm8AvA==}
    engines: {node: '>=18'}
    cpu: [riscv64]
    os: [linux]

  '@esbuild/linux-s390x@0.27.2':
    resolution: {integrity: sha512-p4bm9+wsPwup5Z8f4EpfN63qNagQ47Ua2znaqGH6bqLlmJ4bx97Y9JdqxgGZ6Y8xVTixUnEkoKSHcpRlDnNr5w==}
    engines: {node: '>=18'}
    cpu: [s390x]
    os: [linux]

  '@esbuild/linux-x64@0.27.2':
    resolution: {integrity: sha512-uwp2Tip5aPmH+NRUwTcfLb+W32WXjpFejTIOWZFw/v7/KnpCDKG66u4DLcurQpiYTiYwQ9B7KOeMJvLCu/OvbA==}
    engines: {node: '>=18'}
    cpu: [x64]
    os: [linux]

  '@esbuild/netbsd-arm64@0.27.2':
    resolution: {integrity: sha512-Kj6DiBlwXrPsCRDeRvGAUb/LNrBASrfqAIok+xB0LxK8CHqxZ037viF13ugfsIpePH93mX7xfJp97cyDuTZ3cw==}
    engines: {node: '>=18'}
    cpu: [arm64]
    os: [netbsd]

  '@esbuild/netbsd-x64@0.27.2':
    resolution: {integrity: sha512-HwGDZ0VLVBY3Y+Nw0JexZy9o/nUAWq9MlV7cahpaXKW6TOzfVno3y3/M8Ga8u8Yr7GldLOov27xiCnqRZf0tCA==}
    engines: {node: '>=18'}
    cpu: [x64]
    os: [netbsd]

  '@esbuild/openbsd-arm64@0.27.2':
    resolution: {integrity: sha512-DNIHH2BPQ5551A7oSHD0CKbwIA/Ox7+78/AWkbS5QoRzaqlev2uFayfSxq68EkonB+IKjiuxBFoV8ESJy8bOHA==}
    engines: {node: '>=18'}
    cpu: [arm64]
    os: [openbsd]

  '@esbuild/openbsd-x64@0.27.2':
    resolution: {integrity: sha512-/it7w9Nb7+0KFIzjalNJVR5bOzA9Vay+yIPLVHfIQYG/j+j9VTH84aNB8ExGKPU4AzfaEvN9/V4HV+F+vo8OEg==}
    engines: {node: '>=18'}
    cpu: [x64]
    os: [openbsd]

  '@esbuild/openharmony-arm64@0.27.2':
    resolution: {integrity: sha512-LRBbCmiU51IXfeXk59csuX/aSaToeG7w48nMwA6049Y4J4+VbWALAuXcs+qcD04rHDuSCSRKdmY63sruDS5qag==}
    engines: {node: '>=18'}
    cpu: [arm64]
    os: [openharmony]

  '@esbuild/sunos-x64@0.27.2':
    resolution: {integrity: sha512-kMtx1yqJHTmqaqHPAzKCAkDaKsffmXkPHThSfRwZGyuqyIeBvf08KSsYXl+abf5HDAPMJIPnbBfXvP2ZC2TfHg==}
    engines: {node: '>=18'}
    cpu: [x64]
    os: [sunos]

  '@esbuild/win32-arm64@0.27.2':
    resolution: {integrity: sha512-Yaf78O/B3Kkh+nKABUF++bvJv5Ijoy9AN1ww904rOXZFLWVc5OLOfL56W+C8F9xn5JQZa3UX6m+IktJnIb1Jjg==}
    engines: {node: '>=18'}
    cpu: [arm64]
    os: [win32]

  '@esbuild/win32-ia32@0.27.2':
    resolution: {integrity: sha512-Iuws0kxo4yusk7sw70Xa2E2imZU5HoixzxfGCdxwBdhiDgt9vX9VUCBhqcwY7/uh//78A1hMkkROMJq9l27oLQ==}
    engines: {node: '>=18'}
    cpu: [ia32]
    os: [win32]

  '@esbuild/win32-x64@0.27.2':
    resolution: {integrity: sha512-sRdU18mcKf7F+YgheI/zGf5alZatMUTKj/jNS6l744f9u3WFu4v7twcUI9vu4mknF4Y9aDlblIie0IM+5xxaqQ==}
    engines: {node: '>=18'}
    cpu: [x64]
    os: [win32]

  '@kristjan.esperanto/leaflet.markercluster@3.0.0':
    resolution: {integrity: sha512-PihsV7y+Z8xG1EdRoHIz4R4+HS2rW2SQ8xZ1LfzOXleThqmTxVkdpZ97a9p7Xul5tknZl5YgNYCerCl4PLVP2g==}
    peerDependencies:
      leaflet: '>=2.0.0-alpha.1'

  '@rollup/rollup-android-arm-eabi@4.57.1':
    resolution: {integrity: sha512-A6ehUVSiSaaliTxai040ZpZ2zTevHYbvu/lDoeAteHI8QnaosIzm4qwtezfRg1jOYaUmnzLX1AOD6Z+UJjtifg==}
    cpu: [arm]
    os: [android]

  '@rollup/rollup-android-arm64@4.57.1':
    resolution: {integrity: sha512-dQaAddCY9YgkFHZcFNS/606Exo8vcLHwArFZ7vxXq4rigo2bb494/xKMMwRRQW6ug7Js6yXmBZhSBRuBvCCQ3w==}
    cpu: [arm64]
    os: [android]

  '@rollup/rollup-darwin-arm64@4.57.1':
    resolution: {integrity: sha512-crNPrwJOrRxagUYeMn/DZwqN88SDmwaJ8Cvi/TN1HnWBU7GwknckyosC2gd0IqYRsHDEnXf328o9/HC6OkPgOg==}
    cpu: [arm64]
    os: [darwin]

  '@rollup/rollup-darwin-x64@4.57.1':
    resolution: {integrity: sha512-Ji8g8ChVbKrhFtig5QBV7iMaJrGtpHelkB3lsaKzadFBe58gmjfGXAOfI5FV0lYMH8wiqsxKQ1C9B0YTRXVy4w==}
    cpu: [x64]
    os: [darwin]

  '@rollup/rollup-freebsd-arm64@4.57.1':
    resolution: {integrity: sha512-R+/WwhsjmwodAcz65guCGFRkMb4gKWTcIeLy60JJQbXrJ97BOXHxnkPFrP+YwFlaS0m+uWJTstrUA9o+UchFug==}
    cpu: [arm64]
    os: [freebsd]

  '@rollup/rollup-freebsd-x64@4.57.1':
    resolution: {integrity: sha512-IEQTCHeiTOnAUC3IDQdzRAGj3jOAYNr9kBguI7MQAAZK3caezRrg0GxAb6Hchg4lxdZEI5Oq3iov/w/hnFWY9Q==}
    cpu: [x64]
    os: [freebsd]

  '@rollup/rollup-linux-arm-gnueabihf@4.57.1':
    resolution: {integrity: sha512-F8sWbhZ7tyuEfsmOxwc2giKDQzN3+kuBLPwwZGyVkLlKGdV1nvnNwYD0fKQ8+XS6hp9nY7B+ZeK01EBUE7aHaw==}
    cpu: [arm]
    os: [linux]

  '@rollup/rollup-linux-arm-musleabihf@4.57.1':
    resolution: {integrity: sha512-rGfNUfn0GIeXtBP1wL5MnzSj98+PZe/AXaGBCRmT0ts80lU5CATYGxXukeTX39XBKsxzFpEeK+Mrp9faXOlmrw==}
    cpu: [arm]
    os: [linux]

  '@rollup/rollup-linux-arm64-gnu@4.57.1':
    resolution: {integrity: sha512-MMtej3YHWeg/0klK2Qodf3yrNzz6CGjo2UntLvk2RSPlhzgLvYEB3frRvbEF2wRKh1Z2fDIg9KRPe1fawv7C+g==}
    cpu: [arm64]
    os: [linux]

  '@rollup/rollup-linux-arm64-musl@4.57.1':
    resolution: {integrity: sha512-1a/qhaaOXhqXGpMFMET9VqwZakkljWHLmZOX48R0I/YLbhdxr1m4gtG1Hq7++VhVUmf+L3sTAf9op4JlhQ5u1Q==}
    cpu: [arm64]
    os: [linux]

  '@rollup/rollup-linux-loong64-gnu@4.57.1':
    resolution: {integrity: sha512-QWO6RQTZ/cqYtJMtxhkRkidoNGXc7ERPbZN7dVW5SdURuLeVU7lwKMpo18XdcmpWYd0qsP1bwKPf7DNSUinhvA==}
    cpu: [loong64]
    os: [linux]

  '@rollup/rollup-linux-loong64-musl@4.57.1':
    resolution: {integrity: sha512-xpObYIf+8gprgWaPP32xiN5RVTi/s5FCR+XMXSKmhfoJjrpRAjCuuqQXyxUa/eJTdAE6eJ+KDKaoEqjZQxh3Gw==}
    cpu: [loong64]
    os: [linux]

  '@rollup/rollup-linux-ppc64-gnu@4.57.1':
    resolution: {integrity: sha512-4BrCgrpZo4hvzMDKRqEaW1zeecScDCR+2nZ86ATLhAoJ5FQ+lbHVD3ttKe74/c7tNT9c6F2viwB3ufwp01Oh2w==}
    cpu: [ppc64]
    os: [linux]

  '@rollup/rollup-linux-ppc64-musl@4.57.1':
    resolution: {integrity: sha512-NOlUuzesGauESAyEYFSe3QTUguL+lvrN1HtwEEsU2rOwdUDeTMJdO5dUYl/2hKf9jWydJrO9OL/XSSf65R5+Xw==}
    cpu: [ppc64]
    os: [linux]

  '@rollup/rollup-linux-riscv64-gnu@4.57.1':
    resolution: {integrity: sha512-ptA88htVp0AwUUqhVghwDIKlvJMD/fmL/wrQj99PRHFRAG6Z5nbWoWG4o81Nt9FT+IuqUQi+L31ZKAFeJ5Is+A==}
    cpu: [riscv64]
    os: [linux]

  '@rollup/rollup-linux-riscv64-musl@4.57.1':
    resolution: {integrity: sha512-S51t7aMMTNdmAMPpBg7OOsTdn4tySRQvklmL3RpDRyknk87+Sp3xaumlatU+ppQ+5raY7sSTcC2beGgvhENfuw==}
    cpu: [riscv64]
    os: [linux]

  '@rollup/rollup-linux-s390x-gnu@4.57.1':
    resolution: {integrity: sha512-Bl00OFnVFkL82FHbEqy3k5CUCKH6OEJL54KCyx2oqsmZnFTR8IoNqBF+mjQVcRCT5sB6yOvK8A37LNm/kPJiZg==}
    cpu: [s390x]
    os: [linux]

  '@rollup/rollup-linux-x64-gnu@4.57.1':
    resolution: {integrity: sha512-ABca4ceT4N+Tv/GtotnWAeXZUZuM/9AQyCyKYyKnpk4yoA7QIAuBt6Hkgpw8kActYlew2mvckXkvx0FfoInnLg==}
    cpu: [x64]
    os: [linux]

  '@rollup/rollup-linux-x64-musl@4.57.1':
    resolution: {integrity: sha512-HFps0JeGtuOR2convgRRkHCekD7j+gdAuXM+/i6kGzQtFhlCtQkpwtNzkNj6QhCDp7DRJ7+qC/1Vg2jt5iSOFw==}
    cpu: [x64]
    os: [linux]

  '@rollup/rollup-openbsd-x64@4.57.1':
    resolution: {integrity: sha512-H+hXEv9gdVQuDTgnqD+SQffoWoc0Of59AStSzTEj/feWTBAnSfSD3+Dql1ZruJQxmykT/JVY0dE8Ka7z0DH1hw==}
    cpu: [x64]
    os: [openbsd]

  '@rollup/rollup-openharmony-arm64@4.57.1':
    resolution: {integrity: sha512-4wYoDpNg6o/oPximyc/NG+mYUejZrCU2q+2w6YZqrAs2UcNUChIZXjtafAiiZSUc7On8v5NyNj34Kzj/Ltk6dQ==}
    cpu: [arm64]
    os: [openharmony]

  '@rollup/rollup-win32-arm64-msvc@4.57.1':
    resolution: {integrity: sha512-O54mtsV/6LW3P8qdTcamQmuC990HDfR71lo44oZMZlXU4tzLrbvTii87Ni9opq60ds0YzuAlEr/GNwuNluZyMQ==}
    cpu: [arm64]
    os: [win32]

  '@rollup/rollup-win32-ia32-msvc@4.57.1':
    resolution: {integrity: sha512-P3dLS+IerxCT/7D2q2FYcRdWRl22dNbrbBEtxdWhXrfIMPP9lQhb5h4Du04mdl5Woq05jVCDPCMF7Ub0NAjIew==}
    cpu: [ia32]
    os: [win32]

  '@rollup/rollup-win32-x64-gnu@4.57.1':
    resolution: {integrity: sha512-VMBH2eOOaKGtIJYleXsi2B8CPVADrh+TyNxJ4mWPnKfLB/DBUmzW+5m1xUrcwWoMfSLagIRpjUFeW5CO5hyciQ==}
    cpu: [x64]
    os: [win32]

  '@rollup/rollup-win32-x64-msvc@4.57.1':
    resolution: {integrity: sha512-mxRFDdHIWRxg3UfIIAwCm6NzvxG0jDX/wBN6KsQFTvKFqqg9vTrWUE68qEjHt19A5wwx5X5aUi2zuZT7YR0jrA==}
    cpu: [x64]
    os: [win32]

  '@turf/area@7.3.3':
    resolution: {integrity: sha512-FT66TCxUec+3RsCCyO1kWP57/tiEWEqYfpIs5n44dup401Cne/E+xunahEWxMfP/HSUxfcRQqrjH5vEulLrNoA==}

  '@turf/bbox@7.3.3':
    resolution: {integrity: sha512-1zNO/JUgDp0N+3EG5fG7+8EolE95OW1LD8ur0hRP0JK+lRyN0gAvJT7n1I9pu/NIqTa8x/zXxGRc1dcOdohYkg==}

  '@turf/bezier-spline@7.3.3':
    resolution: {integrity: sha512-12Qt8FEibQUUeVPGWkUycKjEAduR83cljYNsIOYl4EfwnBX01Puv+b9h4afFxsX4ltNRz4rFqYBBQQ2a6TdaMg==}

  '@turf/boolean-equal@7.3.3':
    resolution: {integrity: sha512-2aZXbjiKQyYyEgEC9UySodYW4dda6RfYyoPe+eaTqRpvOhWBWPzNThhofiV2R0FnbinhbTTK8RkXs2hMcfqv+Q==}

  '@turf/boolean-point-in-polygon@7.3.3':
    resolution: {integrity: sha512-hmXV4PofLAVbVZcnKk/yp//0s65huap+L3wKGKzbLWk57fWla/eRmFKx/iQ15xGu05zylHz5cA5AfriVGZHj2g==}

  '@turf/boolean-point-on-line@7.3.3':
    resolution: {integrity: sha512-iHLLdIdPNs29PgWGvsgdHTk3FntDAH0ILzcfsu/Uwdxbubz0GcPEWRFtMNKdszOQLT8LOtpJAgO617iiYNIkng==}

  '@turf/boolean-within@7.3.3':
    resolution: {integrity: sha512-jDjnNmhjlmZh2t1djPcW+E3XRpeiQPHNQdWaHhTZ/DLXtbne6iQjeKOnsNMGTC/I0QgOjDaZwFGxwlBFQFKKrg==}

  '@turf/buffer@7.3.3':
    resolution: {integrity: sha512-/Yv7sMunh9KtSGeQ1nYJbxk+vRdkQs0jdSZghKT2iy3sEKpFpsPt543YUpoflr4z3pmX7GOqwMdx0z2BH68sdQ==}

  '@turf/center-of-mass@7.3.3':
    resolution: {integrity: sha512-UDymsi00QlHBRVgukC9ObCQp/FjwPJ5M8ozH9EnJfnmpzbZpIZUI9vFgCbVR62A5hhMN5TkLwp65KJQQRhs2bA==}

  '@turf/center@7.3.3':
    resolution: {integrity: sha512-Hl+/tuRev29QTPbKDIucqT1hUjI7yZ1IYFAQzMuWCNmtVh12BHZdrzBNIUl2IN6vFZWcrQy/7L2a55nNPKIFng==}

  '@turf/centroid@7.3.3':
    resolution: {integrity: sha512-3vWLnF1CksLk7xTUH11IzOQJ6fOoj7zhuL8M3GTxcKruVkGat/vIm3Ye5b68sDVcE5nFDA2pYjjbL7Rfmn3/GQ==}

  '@turf/clean-coords@7.3.3':
    resolution: {integrity: sha512-lkXGy75On5cywCAqgLVBP0DdkYnaZmeTkqfrhCwW6Ac90t9iLpght496oN3Jru5PlPB6HS3rEmgmY/JWUBU6Ag==}

  '@turf/clone@7.3.3':
    resolution: {integrity: sha512-IrG3zXKy++xmnQAuL3ZQDVHdsTpKoEY87cLwsKg1Z1VnH7egluxL0T6VTwcu1l64c0QeBtnTjXJBC8XiO4ajog==}

  '@turf/convex@7.3.3':
    resolution: {integrity: sha512-GnE6rj+WMqaC5PTLnOUqgbGotHOBu4KNelcZKyHoIPZPhcHxHg1pIApInZflb2Kc1TeW6bYYcFSxmAtxvJUZjw==}

  '@turf/difference@7.3.3':
    resolution: {integrity: sha512-JHqO26U810wxQFStNt0Ga4XycbNDk+bwZrDCZ0TOqeijeqaEm8f8NT1GE3c2KcAQJZJogONt9WmLe1VCKPraGA==}

  '@turf/distance@7.3.3':
    resolution: {integrity: sha512-bmv0GzqlICjMWuQ05ipDDbT9ppQUMNo02+T5f/rPF9hSEXCPkSJQ1OdQ6XjUGzdJ/vxgES4DM4zhIDUKU/g8RQ==}

  '@turf/explode@7.3.3':
    resolution: {integrity: sha512-nygZAr0YGkfD612AToHUWcoLHl38cL3eUbH1LC6lWys1bk6WG1X+oywdDK4cBP/Z0/74UTCT/jR+gmj+WhlWqA==}

  '@turf/geojson-rbush@7.3.3':
    resolution: {integrity: sha512-J/8oew3X9iYoKR7WsD9MeLmuyeYeXy+h6z1NUF8Scs/DQgigQV/hzOv20azt9S6neyfP72yIKDEo7dNxPJcoWw==}

  '@turf/helpers@7.3.3':
    resolution: {integrity: sha512-9Ias0L1GuZPIzO6sk8jraTEuLJye6n9LYNEdw69ZGOQ6C1IigjxkPW49zmn21aTv1z27vxdVLSS3r+78DB2QnQ==}

  '@turf/intersect@7.3.3':
    resolution: {integrity: sha512-vmNBZ/FwIyszFxxMjCkYrJk+C1O6r50c0Nwu0T2KxoivRMICyOuHFP27r5QeHR5tN7MqmSZPfEHgCiXzg8/iEQ==}

  '@turf/invariant@7.3.3':
    resolution: {integrity: sha512-q6UDgWmtIlU+AIxt5Awnh18ZMSuNti6drCXbIBdGdgQaQ1qEiyGZDE3P9RKk6otoLXOBYecOuI0HIwf2IxurhQ==}

  '@turf/jsts@2.7.2':
    resolution: {integrity: sha512-zAezGlwWHPyU0zxwcX2wQY3RkRpwuoBmhhNE9HY9kWhFDkCxZ3aWK5URKwa/SWKJbj9aztO+8vtdiBA28KVJFg==}

  '@turf/kinks@7.3.3':
    resolution: {integrity: sha512-+k6hB/1LIxqkt/2DTAYxx4ggq51V1iLNLm7s4a+ZV3orPob+zpVvpqENHx7ppuDHNx9x+gz1yR1AZNR0S3MXxw==}

  '@turf/length@7.3.3':
    resolution: {integrity: sha512-Yax4dZoZJOJbgZ2kiD4EKLRdC1JGyp92YvhbvpO4Vnugbbh0VTgWdFW3TElYqAHjSFCFpHiths06sztDXCRnMQ==}

  '@turf/line-intersect@7.3.3':
    resolution: {integrity: sha512-RXlIPDseXT2PplbN8GMQOE3oa6DzAGSVm6xp7qaf4VyNvhRH85J+SpCYXuilYfd6eYWUrewUI1CkO5RIqHGlCA==}

  '@turf/line-segment@7.3.3':
    resolution: {integrity: sha512-2lhD3hDa73Q3uoNcr03bnQROpT6eGDNd+eupGSE8ZLeIKFy9Kkvi5YMmLz99IjUK23HO3RNmqYFR3X6JU0+4KQ==}

  '@turf/line-split@7.3.3':
    resolution: {integrity: sha512-vSOCO2Hwd6/ZO3evtDNxwTX3yNkDGrfIWCscnJbKc0i5KukfHxYqM6jZI/8prWeEyOt6u8eAYbAN92Ew8j5NTA==}

  '@turf/line-to-polygon@7.3.3':
    resolution: {integrity: sha512-INLY6eg6v1KASUjXHtAbehY3LXhf2mxtwmnp60NB8LjqTBgyW8erMf+Hapb15w6MiNJ8cE75y087AhXp+0HIXA==}

  '@turf/meta@7.3.3':
    resolution: {integrity: sha512-Tz1j4h70iFB5SebWWoVv/uL59x4aOngXU+d1xQDXzOCn/O6txnreGVGMcYU362c5F06yqZx38H9UFTQ553lK0w==}

  '@turf/nearest-point-on-line@7.3.3':
    resolution: {integrity: sha512-xFSTH7Vgqa/tMOPWzS3SZKgxCn2WB5F6v1AFAefYtCGnKy2BGM6cyLoEhegaCZKaJk2ftn/yd6P90+FBKm0nnQ==}

  '@turf/nearest-point@7.3.3':
    resolution: {integrity: sha512-DZRlQ8J7W3KwEBYb/C1ZpQdkjVPDVOAl8NFqeIKKPKjcViOnk/opYQsJTnMADvv28IGB/mlUM11qVPnnCg7YeA==}

  '@turf/polygon-to-line@7.3.3':
    resolution: {integrity: sha512-DK47Ne3hHgoukTKn5ZlHKk+XuxnED4ePTQHxDHJoPJHd2lVVZugur9GnGx82ZZBSV/aWLonOGQhrdL+bLux4lw==}

  '@turf/projection@7.3.3':
    resolution: {integrity: sha512-yFPO74m0n/z9kO472AzyBkl9yMrMQJnUsh4O/Qr3FkGX0hauCWvkSkMrDS4Ax0fD/WoNJBjl84AimMtNs75h4g==}

  '@turf/simplify@7.3.3':
    resolution: {integrity: sha512-skbIAkjOOCTthcSquUves5a+VkBTiqhPAsmTbCtQCypgP5fTrqsldeMD5nRuT7cmtSNS+OY9wbI1iJy65AYbrw==}

  '@turf/truncate@7.3.3':
    resolution: {integrity: sha512-p4jZMgxQWlIX8WcbjJiuxpAFwFxpXkp2jCEAWlz8hMaKEky0Kh1ZhIsE4WpUNxeFx7/QpJh9BiHbvaRKdETjIA==}

  '@turf/union@7.3.3':
    resolution: {integrity: sha512-bEh7AxpkZepXOKe2KcjhFjVy671cf+3Mgq91DHDeINHtja7rQtSbJoyXbbasDGQEMcxiVQOn9VLWOCTIPmkSQA==}

  '@turf/unkink-polygon@7.3.3':
    resolution: {integrity: sha512-FlTX/T5vat9zyV1xngLfnl5IryGFrSLmDsJswII7AU8DtZKe7URyD7AW5TWPUKDHCAJEoiP8lrDCQrZsoO9F8g==}

  '@types/estree@1.0.8':
    resolution: {integrity: sha512-dWHzHa2WqEXI/O1E9OjrocMTKJl2mSrEolh1Iomrv6U+JuNwaHXsXx9bLu5gG7BUWFIN0skIQJQ/L1rIex4X6w==}

  '@types/geojson@7946.0.16':
    resolution: {integrity: sha512-6C8nqWur3j98U6+lXDfTUWIfgvZU+EumvpHKcYjujKH7woYyLj2sUmff0tRhrqM7BohUw7Pz3ZB1jj2gW9Fvmg==}

  bignumber.js@9.3.1:
    resolution: {integrity: sha512-Ko0uX15oIUS7wJ3Rb30Fs6SkVbLmPBAKdlm7q9+ak9bbIeFf0MwuBsQV6z7+X768/cHsfg+WlysDWJcmthjsjQ==}

  concaveman@1.2.1:
    resolution: {integrity: sha512-PwZYKaM/ckQSa8peP5JpVr7IMJ4Nn/MHIaWUjP4be+KoZ7Botgs8seAZGpmaOM+UZXawcdYRao/px9ycrCihHw==}

  concaveman@2.0.0:
    resolution: {integrity: sha512-3a9C//4G44/boNehBPZMRh8XxrwBvTXlhENUim+GMm207WoDie/Vq89U5lkhLn3kKA+vxwmwfdQPWIRwjQWoLA==}

  d3-array@1.2.4:
    resolution: {integrity: sha512-KHW6M86R+FUPYGb3R5XiYjXPq7VzwxZ22buHhAEVG5ztoEcZZMLov530mmccaqA1GghZArjQV46fuc8kUqhhHw==}

  d3-geo@1.7.1:
    resolution: {integrity: sha512-O4AempWAr+P5qbk2bC2FuN/sDW4z+dN2wDf9QV3bxQt4M5HfOEeXLgJ/UKQW0+o1Dj8BE+L5kiDbdWUMjsmQpw==}

  esbuild@0.27.2:
    resolution: {integrity: sha512-HyNQImnsOC7X9PMNaCIeAm4ISCQXs5a5YasTXVliKv4uuBo1dKrG0A+uQS8M5eXjVMnLg3WgXaKvprHlFJQffw==}
    engines: {node: '>=18'}
    hasBin: true

  fdir@6.5.0:
    resolution: {integrity: sha512-tIbYtZbucOs0BRGqPJkshJUYdL+SDH7dVM8gjy+ERp3WAUjLEFJE+02kanyHtwjWOnwrKYBiwAmM0p4kLJAnXg==}
    engines: {node: '>=12.0.0'}
    peerDependencies:
      picomatch: ^3 || ^4
    peerDependenciesMeta:
      picomatch:
        optional: true

  fsevents@2.3.3:
    resolution: {integrity: sha512-5xoDfX+fL7faATnagmWPpbFtwh/R77WmMMqqHGS65C3vvB0YHrgF+B1YmZ3441tMj5n63k0212XNoJwzlhffQw==}
    engines: {node: ^8.16.0 || ^10.6.0 || >=11.0.0}
    os: [darwin]

  geojson-equality-ts@1.0.2:
    resolution: {integrity: sha512-h3Ryq+0mCSN/7yLs0eDgrZhvc9af23o/QuC4aTiuuzP/MRCtd6mf5rLsLRY44jX0RPUfM8c4GqERQmlUxPGPoQ==}

  jsts@2.7.1:
    resolution: {integrity: sha512-x2wSZHEBK20CY+Wy+BPE7MrFQHW6sIsdaGUMEqmGAio+3gFzQaBYPwLRonUfQf9Ak8pBieqj9tUofX1+WtAEIg==}
    engines: {node: '>= 12'}

  leaflet-polydraw@1.3.1:
    resolution: {integrity: sha512-dGaKXFSD9EUGdm5fi/fQ0IaamtMbj4s9hv41Jx4yDQYZVbDC/j+tBRZy1hp6zW6XEPdbLSh9+AnNy36S7DQTmg==}
    engines: {node: '>=18', npm: '>=9'}
    peerDependencies:
      leaflet: ^1.9.4 || ^2.0.0-alpha

  leaflet@2.0.0-alpha:
    resolution: {integrity: sha512-RnEJ3UYcuHPFFsDq0e2/QovyIaR3hhwiQpq3wrKnvprA/lsiAJpcxvkRZL3UwQ2xnKm1r2pYcMa+rcSKVwEQag==}

  nanoid@3.3.11:
    resolution: {integrity: sha512-N8SpfPUnUp1bK+PMYW8qSWdl9U+wwNWI4QKxOYDy9JAro3WMX7p2OeVRF9v+347pnakNevPmiHhNmZ2HbFA76w==}
    engines: {node: ^10 || ^12 || ^13.7 || ^14 || >=15.0.1}
    hasBin: true

  picocolors@1.1.1:
    resolution: {integrity: sha512-xceH2snhtb5M9liqDsmEw56le376mTZkEX/jEb/RxNFyegNul7eNslCXP9FDj/Lcu0X8KEyMceP2ntpaHrDEVA==}

  picomatch@4.0.3:
    resolution: {integrity: sha512-5gTmgEY/sqK6gFXLIsQNH19lWb4ebPDLA4SdLP7dsWkIXHWlG66oPuVvXSGFPppYZz8ZDZq0dYYrbHfBCVUb1Q==}
    engines: {node: '>=12'}

  point-in-polygon-hao@1.2.4:
    resolution: {integrity: sha512-x2pcvXeqhRHlNRdhLs/tgFapAbSSe86wa/eqmj1G6pWftbEs5aVRJhRGM6FYSUERKu0PjekJzMq0gsI2XyiclQ==}

  point-in-polygon@1.1.0:
    resolution: {integrity: sha512-3ojrFwjnnw8Q9242TzgXuTD+eKiutbzyslcq1ydfu82Db2y+Ogbmyrkpv0Hgj31qwT3lbS9+QAAO/pIQM35XRw==}

  polyclip-ts@0.16.8:
    resolution: {integrity: sha512-JPtKbDRuPEuAjuTdhR62Gph7Is2BS1Szx69CFOO3g71lpJDFo78k4tFyi+qFOMVPePEzdSKkpGU3NBXPHHjvKQ==}

  postcss@8.5.6:
    resolution: {integrity: sha512-3Ybi1tAuwAP9s0r1UQ2J4n5Y0G05bJkpUIO0/bI9MhwmD70S5aTWbXGBwxHrelT+XM1k6dM0pk+SwNkpTRN7Pg==}
    engines: {node: ^10 || ^12 || >=14}

  quickselect@2.0.0:
    resolution: {integrity: sha512-RKJ22hX8mHe3Y6wH/N3wCM6BWtjaxIyyUIkpHOvfFnxdI4yD4tBXEBKSbriGujF6jnSVkJrffuo6vxACiSSxIw==}

  quickselect@3.0.0:
    resolution: {integrity: sha512-XdjUArbK4Bm5fLLvlm5KpTFOiOThgfWWI4axAZDWg4E/0mKdZyI9tNEfds27qCi1ze/vwTR16kvmmGhRra3c2g==}

  rbush@3.0.1:
    resolution: {integrity: sha512-XRaVO0YecOpEuIvbhbpTrZgoiI6xBlz6hnlr6EHhd+0x9ase6EmeN+hdwwUaJvLcsFFQ8iWVF1GAK1yB0BWi0w==}

  rbush@4.0.1:
    resolution: {integrity: sha512-IP0UpfeWQujYC8Jg162rMNc01Rf0gWMMAb2Uxus/Q0qOFw4lCcq6ZnQEZwUoJqWyUGJ9th7JjwI4yIWo+uvoAQ==}

  robust-predicates@2.0.4:
    resolution: {integrity: sha512-l4NwboJM74Ilm4VKfbAtFeGq7aEjWL+5kVFcmgFA2MrdnQWx9iE/tUGvxY5HyMI7o/WpSIUFLbC5fbeaHgSCYg==}

  robust-predicates@3.0.2:
    resolution: {integrity: sha512-IXgzBWvWQwE6PrDI05OvmXUIruQTcoMDzRsOd5CDvHCVLcLHMTSYvOK5Cm46kWqlV3yAbuSpBZdJ5oP5OUoStg==}

  rollup@4.57.1:
    resolution: {integrity: sha512-oQL6lgK3e2QZeQ7gcgIkS2YZPg5slw37hYufJ3edKlfQSGGm8ICoxswK15ntSzF/a8+h7ekRy7k7oWc3BQ7y8A==}
    engines: {node: '>=18.0.0', npm: '>=8.0.0'}
    hasBin: true

  source-map-js@1.2.1:
    resolution: {integrity: sha512-UXWMKhLOwVKb728IUtQPXxfYU+usdybtUrK/8uGE8CQMvrhOpwvzDBwj0QhSL7MQc7vIsISBG8VQ8+IDQxpfQA==}
    engines: {node: '>=0.10.0'}

  splaytree-ts@1.0.2:
    resolution: {integrity: sha512-0kGecIZNIReCSiznK3uheYB8sbstLjCZLiwcQwbmLhgHJj2gz6OnSPkVzJQCMnmEz1BQ4gPK59ylhBoEWOhGNA==}

  sweepline-intersections@1.5.0:
    resolution: {integrity: sha512-AoVmx72QHpKtItPu72TzFL+kcYjd67BPLDoR0LarIk+xyaRg+pDTMFXndIEvZf9xEKnJv6JdhgRMnocoG0D3AQ==}

  tinyglobby@0.2.15:
    resolution: {integrity: sha512-j2Zq4NyQYG5XMST4cbs02Ak8iJUdxRM0XI5QyxXuZOzKOINmWurp3smXu3y5wDcJrptwpSjgXHzIQxR0omXljQ==}
    engines: {node: '>=12.0.0'}

  tinyqueue@2.0.3:
    resolution: {integrity: sha512-ppJZNDuKGgxzkHihX8v9v9G5f+18gzaTfrukGrq6ueg0lmH4nqVnA2IPG0AEH3jKEk2GRJCUhDoqpoiw3PHLBA==}

  tinyqueue@3.0.0:
    resolution: {integrity: sha512-gRa9gwYU3ECmQYv3lslts5hxuIa90veaEcxDYuu3QGOIAEM2mOZkVHp48ANJuu1CURtRdHKUBY5Lm1tHV+sD4g==}

  tslib@2.8.1:
    resolution: {integrity: sha512-oJFu94HQb+KVduSUQL7wnpmqnfmLsOA/nAh6b6EH0wCEoK0/mPeXU6c3wKDV83MkOuHPRHtSXKKU99IBazS/2w==}

  vite@7.3.1:
    resolution: {integrity: sha512-w+N7Hifpc3gRjZ63vYBXA56dvvRlNWRczTdmCBBa+CotUzAPf5b7YMdMR/8CQoeYE5LX3W4wj6RYTgonm1b9DA==}
    engines: {node: ^20.19.0 || >=22.12.0}
    hasBin: true
    peerDependencies:
      '@types/node': ^20.19.0 || >=22.12.0
      jiti: '>=1.21.0'
      less: ^4.0.0
      lightningcss: ^1.21.0
      sass: ^1.70.0
      sass-embedded: ^1.70.0
      stylus: '>=0.54.8'
      sugarss: ^5.0.0
      terser: ^5.16.0
      tsx: ^4.8.1
      yaml: ^2.4.2
    peerDependenciesMeta:
      '@types/node':
        optional: true
      jiti:
        optional: true
      less:
        optional: true
      lightningcss:
        optional: true
      sass:
        optional: true
      sass-embedded:
        optional: true
      stylus:
        optional: true
      sugarss:
        optional: true
      terser:
        optional: true
      tsx:
        optional: true
      yaml:
        optional: true

snapshots:

  '@esbuild/aix-ppc64@0.27.2':
    optional: true

  '@esbuild/android-arm64@0.27.2':
    optional: true

  '@esbuild/android-arm@0.27.2':
    optional: true

  '@esbuild/android-x64@0.27.2':
    optional: true

  '@esbuild/darwin-arm64@0.27.2':
    optional: true

  '@esbuild/darwin-x64@0.27.2':
    optional: true

  '@esbuild/freebsd-arm64@0.27.2':
    optional: true

  '@esbuild/freebsd-x64@0.27.2':
    optional: true

  '@esbuild/linux-arm64@0.27.2':
    optional: true

  '@esbuild/linux-arm@0.27.2':
    optional: true

  '@esbuild/linux-ia32@0.27.2':
    optional: true

  '@esbuild/linux-loong64@0.27.2':
    optional: true

  '@esbuild/linux-mips64el@0.27.2':
    optional: true

  '@esbuild/linux-ppc64@0.27.2':
    optional: true

  '@esbuild/linux-riscv64@0.27.2':
    optional: true

  '@esbuild/linux-s390x@0.27.2':
    optional: true

  '@esbuild/linux-x64@0.27.2':
    optional: true

  '@esbuild/netbsd-arm64@0.27.2':
    optional: true

  '@esbuild/netbsd-x64@0.27.2':
    optional: true

  '@esbuild/openbsd-arm64@0.27.2':
    optional: true

  '@esbuild/openbsd-x64@0.27.2':
    optional: true

  '@esbuild/openharmony-arm64@0.27.2':
    optional: true

  '@esbuild/sunos-x64@0.27.2':
    optional: true

  '@esbuild/win32-arm64@0.27.2':
    optional: true

  '@esbuild/win32-ia32@0.27.2':
    optional: true

  '@esbuild/win32-x64@0.27.2':
    optional: true

  '@kristjan.esperanto/leaflet.markercluster@3.0.0(leaflet@2.0.0-alpha)':
    dependencies:
      leaflet: 2.0.0-alpha

  '@rollup/rollup-android-arm-eabi@4.57.1':
    optional: true

  '@rollup/rollup-android-arm64@4.57.1':
    optional: true

  '@rollup/rollup-darwin-arm64@4.57.1':
    optional: true

  '@rollup/rollup-darwin-x64@4.57.1':
    optional: true

  '@rollup/rollup-freebsd-arm64@4.57.1':
    optional: true

  '@rollup/rollup-freebsd-x64@4.57.1':
    optional: true

  '@rollup/rollup-linux-arm-gnueabihf@4.57.1':
    optional: true

  '@rollup/rollup-linux-arm-musleabihf@4.57.1':
    optional: true

  '@rollup/rollup-linux-arm64-gnu@4.57.1':
    optional: true

  '@rollup/rollup-linux-arm64-musl@4.57.1':
    optional: true

  '@rollup/rollup-linux-loong64-gnu@4.57.1':
    optional: true

  '@rollup/rollup-linux-loong64-musl@4.57.1':
    optional: true

  '@rollup/rollup-linux-ppc64-gnu@4.57.1':
    optional: true

  '@rollup/rollup-linux-ppc64-musl@4.57.1':
    optional: true

  '@rollup/rollup-linux-riscv64-gnu@4.57.1':
    optional: true

  '@rollup/rollup-linux-riscv64-musl@4.57.1':
    optional: true

  '@rollup/rollup-linux-s390x-gnu@4.57.1':
    optional: true

  '@rollup/rollup-linux-x64-gnu@4.57.1':
    optional: true

  '@rollup/rollup-linux-x64-musl@4.57.1':
    optional: true

  '@rollup/rollup-openbsd-x64@4.57.1':
    optional: true

  '@rollup/rollup-openharmony-arm64@4.57.1':
    optional: true

  '@rollup/rollup-win32-arm64-msvc@4.57.1':
    optional: true

  '@rollup/rollup-win32-ia32-msvc@4.57.1':
    optional: true

  '@rollup/rollup-win32-x64-gnu@4.57.1':
    optional: true

  '@rollup/rollup-win32-x64-msvc@4.57.1':
    optional: true

  '@turf/area@7.3.3':
    dependencies:
      '@turf/helpers': 7.3.3
      '@turf/meta': 7.3.3
      '@types/geojson': 7946.0.16
      tslib: 2.8.1

  '@turf/bbox@7.3.3':
    dependencies:
      '@turf/helpers': 7.3.3
      '@turf/meta': 7.3.3
      '@types/geojson': 7946.0.16
      tslib: 2.8.1

  '@turf/bezier-spline@7.3.3':
    dependencies:
      '@turf/helpers': 7.3.3
      '@turf/invariant': 7.3.3
      '@types/geojson': 7946.0.16
      tslib: 2.8.1

  '@turf/boolean-equal@7.3.3':
    dependencies:
      '@turf/clean-coords': 7.3.3
      '@turf/helpers': 7.3.3
      '@turf/invariant': 7.3.3
      '@types/geojson': 7946.0.16
      geojson-equality-ts: 1.0.2
      tslib: 2.8.1

  '@turf/boolean-point-in-polygon@7.3.3':
    dependencies:
      '@turf/helpers': 7.3.3
      '@turf/invariant': 7.3.3
      '@types/geojson': 7946.0.16
      point-in-polygon-hao: 1.2.4
      tslib: 2.8.1

  '@turf/boolean-point-on-line@7.3.3':
    dependencies:
      '@turf/helpers': 7.3.3
      '@turf/invariant': 7.3.3
      '@types/geojson': 7946.0.16
      tslib: 2.8.1

  '@turf/boolean-within@7.3.3':
    dependencies:
      '@turf/bbox': 7.3.3
      '@turf/boolean-point-in-polygon': 7.3.3
      '@turf/boolean-point-on-line': 7.3.3
      '@turf/helpers': 7.3.3
      '@turf/invariant': 7.3.3
      '@turf/line-split': 7.3.3
      '@types/geojson': 7946.0.16
      tslib: 2.8.1

  '@turf/buffer@7.3.3':
    dependencies:
      '@turf/bbox': 7.3.3
      '@turf/center': 7.3.3
      '@turf/helpers': 7.3.3
      '@turf/jsts': 2.7.2
      '@turf/meta': 7.3.3
      '@turf/projection': 7.3.3
      '@types/geojson': 7946.0.16
      d3-geo: 1.7.1

  '@turf/center-of-mass@7.3.3':
    dependencies:
      '@turf/centroid': 7.3.3
      '@turf/convex': 7.3.3
      '@turf/helpers': 7.3.3
      '@turf/invariant': 7.3.3
      '@turf/meta': 7.3.3
      '@types/geojson': 7946.0.16
      tslib: 2.8.1

  '@turf/center@7.3.3':
    dependencies:
      '@turf/bbox': 7.3.3
      '@turf/helpers': 7.3.3
      '@types/geojson': 7946.0.16
      tslib: 2.8.1

  '@turf/centroid@7.3.3':
    dependencies:
      '@turf/helpers': 7.3.3
      '@turf/meta': 7.3.3
      '@types/geojson': 7946.0.16
      tslib: 2.8.1

  '@turf/clean-coords@7.3.3':
    dependencies:
      '@turf/boolean-point-on-line': 7.3.3
      '@turf/helpers': 7.3.3
      '@turf/invariant': 7.3.3
      '@types/geojson': 7946.0.16
      tslib: 2.8.1

  '@turf/clone@7.3.3':
    dependencies:
      '@turf/helpers': 7.3.3
      '@types/geojson': 7946.0.16
      tslib: 2.8.1

  '@turf/convex@7.3.3':
    dependencies:
      '@turf/helpers': 7.3.3
      '@turf/meta': 7.3.3
      '@types/geojson': 7946.0.16
      concaveman: 1.2.1
      tslib: 2.8.1

  '@turf/difference@7.3.3':
    dependencies:
      '@turf/helpers': 7.3.3
      '@turf/meta': 7.3.3
      '@types/geojson': 7946.0.16
      polyclip-ts: 0.16.8
      tslib: 2.8.1

  '@turf/distance@7.3.3':
    dependencies:
      '@turf/helpers': 7.3.3
      '@turf/invariant': 7.3.3
      '@types/geojson': 7946.0.16
      tslib: 2.8.1

  '@turf/explode@7.3.3':
    dependencies:
      '@turf/helpers': 7.3.3
      '@turf/meta': 7.3.3
      '@types/geojson': 7946.0.16
      tslib: 2.8.1

  '@turf/geojson-rbush@7.3.3':
    dependencies:
      '@turf/bbox': 7.3.3
      '@turf/helpers': 7.3.3
      '@turf/meta': 7.3.3
      '@types/geojson': 7946.0.16
      rbush: 3.0.1
      tslib: 2.8.1

  '@turf/helpers@7.3.3':
    dependencies:
      '@types/geojson': 7946.0.16
      tslib: 2.8.1

  '@turf/intersect@7.3.3':
    dependencies:
      '@turf/helpers': 7.3.3
      '@turf/meta': 7.3.3
      '@types/geojson': 7946.0.16
      polyclip-ts: 0.16.8
      tslib: 2.8.1

  '@turf/invariant@7.3.3':
    dependencies:
      '@turf/helpers': 7.3.3
      '@types/geojson': 7946.0.16
      tslib: 2.8.1

  '@turf/jsts@2.7.2':
    dependencies:
      jsts: 2.7.1

  '@turf/kinks@7.3.3':
    dependencies:
      '@turf/helpers': 7.3.3
      '@types/geojson': 7946.0.16
      tslib: 2.8.1

  '@turf/length@7.3.3':
    dependencies:
      '@turf/distance': 7.3.3
      '@turf/helpers': 7.3.3
      '@turf/meta': 7.3.3
      '@types/geojson': 7946.0.16
      tslib: 2.8.1

  '@turf/line-intersect@7.3.3':
    dependencies:
      '@turf/helpers': 7.3.3
      '@types/geojson': 7946.0.16
      sweepline-intersections: 1.5.0
      tslib: 2.8.1

  '@turf/line-segment@7.3.3':
    dependencies:
      '@turf/helpers': 7.3.3
      '@turf/invariant': 7.3.3
      '@turf/meta': 7.3.3
      '@types/geojson': 7946.0.16
      tslib: 2.8.1

  '@turf/line-split@7.3.3':
    dependencies:
      '@turf/bbox': 7.3.3
      '@turf/geojson-rbush': 7.3.3
      '@turf/helpers': 7.3.3
      '@turf/invariant': 7.3.3
      '@turf/line-intersect': 7.3.3
      '@turf/line-segment': 7.3.3
      '@turf/meta': 7.3.3
      '@turf/nearest-point-on-line': 7.3.3
      '@turf/truncate': 7.3.3
      '@types/geojson': 7946.0.16
      tslib: 2.8.1

  '@turf/line-to-polygon@7.3.3':
    dependencies:
      '@turf/bbox': 7.3.3
      '@turf/clone': 7.3.3
      '@turf/helpers': 7.3.3
      '@turf/invariant': 7.3.3
      '@types/geojson': 7946.0.16
      tslib: 2.8.1

  '@turf/meta@7.3.3':
    dependencies:
      '@turf/helpers': 7.3.3
      '@types/geojson': 7946.0.16
      tslib: 2.8.1

  '@turf/nearest-point-on-line@7.3.3':
    dependencies:
      '@turf/distance': 7.3.3
      '@turf/helpers': 7.3.3
      '@turf/invariant': 7.3.3
      '@turf/meta': 7.3.3
      '@types/geojson': 7946.0.16
      tslib: 2.8.1

  '@turf/nearest-point@7.3.3':
    dependencies:
      '@turf/clone': 7.3.3
      '@turf/distance': 7.3.3
      '@turf/helpers': 7.3.3
      '@turf/meta': 7.3.3
      '@types/geojson': 7946.0.16
      tslib: 2.8.1

  '@turf/polygon-to-line@7.3.3':
    dependencies:
      '@turf/helpers': 7.3.3
      '@turf/invariant': 7.3.3
      '@types/geojson': 7946.0.16
      tslib: 2.8.1

  '@turf/projection@7.3.3':
    dependencies:
      '@turf/clone': 7.3.3
      '@turf/helpers': 7.3.3
      '@turf/meta': 7.3.3
      '@types/geojson': 7946.0.16
      tslib: 2.8.1

  '@turf/simplify@7.3.3':
    dependencies:
      '@turf/clean-coords': 7.3.3
      '@turf/clone': 7.3.3
      '@turf/helpers': 7.3.3
      '@turf/meta': 7.3.3
      '@types/geojson': 7946.0.16
      tslib: 2.8.1

  '@turf/truncate@7.3.3':
    dependencies:
      '@turf/helpers': 7.3.3
      '@turf/meta': 7.3.3
      '@types/geojson': 7946.0.16
      tslib: 2.8.1

  '@turf/union@7.3.3':
    dependencies:
      '@turf/helpers': 7.3.3
      '@turf/meta': 7.3.3
      '@types/geojson': 7946.0.16
      polyclip-ts: 0.16.8
      tslib: 2.8.1

  '@turf/unkink-polygon@7.3.3':
    dependencies:
      '@turf/area': 7.3.3
      '@turf/boolean-point-in-polygon': 7.3.3
      '@turf/helpers': 7.3.3
      '@turf/meta': 7.3.3
      '@types/geojson': 7946.0.16
      rbush: 3.0.1
      tslib: 2.8.1

  '@types/estree@1.0.8': {}

  '@types/geojson@7946.0.16': {}

  bignumber.js@9.3.1: {}

  concaveman@1.2.1:
    dependencies:
      point-in-polygon: 1.1.0
      rbush: 3.0.1
      robust-predicates: 2.0.4
      tinyqueue: 2.0.3

  concaveman@2.0.0:
    dependencies:
      point-in-polygon: 1.1.0
      rbush: 4.0.1
      robust-predicates: 3.0.2
      tinyqueue: 3.0.0

  d3-array@1.2.4: {}

  d3-geo@1.7.1:
    dependencies:
      d3-array: 1.2.4

  esbuild@0.27.2:
    optionalDependencies:
      '@esbuild/aix-ppc64': 0.27.2
      '@esbuild/android-arm': 0.27.2
      '@esbuild/android-arm64': 0.27.2
      '@esbuild/android-x64': 0.27.2
      '@esbuild/darwin-arm64': 0.27.2
      '@esbuild/darwin-x64': 0.27.2
      '@esbuild/freebsd-arm64': 0.27.2
      '@esbuild/freebsd-x64': 0.27.2
      '@esbuild/linux-arm': 0.27.2
      '@esbuild/linux-arm64': 0.27.2
      '@esbuild/linux-ia32': 0.27.2
      '@esbuild/linux-loong64': 0.27.2
      '@esbuild/linux-mips64el': 0.27.2
      '@esbuild/linux-ppc64': 0.27.2
      '@esbuild/linux-riscv64': 0.27.2
      '@esbuild/linux-s390x': 0.27.2
      '@esbuild/linux-x64': 0.27.2
      '@esbuild/netbsd-arm64': 0.27.2
      '@esbuild/netbsd-x64': 0.27.2
      '@esbuild/openbsd-arm64': 0.27.2
      '@esbuild/openbsd-x64': 0.27.2
      '@esbuild/openharmony-arm64': 0.27.2
      '@esbuild/sunos-x64': 0.27.2
      '@esbuild/win32-arm64': 0.27.2
      '@esbuild/win32-ia32': 0.27.2
      '@esbuild/win32-x64': 0.27.2

  fdir@6.5.0(picomatch@4.0.3):
    optionalDependencies:
      picomatch: 4.0.3

  fsevents@2.3.3:
    optional: true

  geojson-equality-ts@1.0.2:
    dependencies:
      '@types/geojson': 7946.0.16

  jsts@2.7.1: {}

  leaflet-polydraw@1.3.1(leaflet@2.0.0-alpha):
    dependencies:
      '@turf/bezier-spline': 7.3.3
      '@turf/boolean-equal': 7.3.3
      '@turf/boolean-point-in-polygon': 7.3.3
      '@turf/boolean-within': 7.3.3
      '@turf/buffer': 7.3.3
      '@turf/center-of-mass': 7.3.3
      '@turf/convex': 7.3.3
      '@turf/difference': 7.3.3
      '@turf/explode': 7.3.3
      '@turf/intersect': 7.3.3
      '@turf/kinks': 7.3.3
      '@turf/length': 7.3.3
      '@turf/line-intersect': 7.3.3
      '@turf/line-to-polygon': 7.3.3
      '@turf/meta': 7.3.3
      '@turf/nearest-point': 7.3.3
      '@turf/polygon-to-line': 7.3.3
      '@turf/simplify': 7.3.3
      '@turf/union': 7.3.3
      '@turf/unkink-polygon': 7.3.3
      concaveman: 2.0.0
      leaflet: 2.0.0-alpha

  leaflet@2.0.0-alpha: {}

  nanoid@3.3.11: {}

  picocolors@1.1.1: {}

  picomatch@4.0.3: {}

  point-in-polygon-hao@1.2.4:
    dependencies:
      robust-predicates: 3.0.2

  point-in-polygon@1.1.0: {}

  polyclip-ts@0.16.8:
    dependencies:
      bignumber.js: 9.3.1
      splaytree-ts: 1.0.2

  postcss@8.5.6:
    dependencies:
      nanoid: 3.3.11
      picocolors: 1.1.1
      source-map-js: 1.2.1

  quickselect@2.0.0: {}

  quickselect@3.0.0: {}

  rbush@3.0.1:
    dependencies:
      quickselect: 2.0.0

  rbush@4.0.1:
    dependencies:
      quickselect: 3.0.0

  robust-predicates@2.0.4: {}

  robust-predicates@3.0.2: {}

  rollup@4.57.1:
    dependencies:
      '@types/estree': 1.0.8
    optionalDependencies:
      '@rollup/rollup-android-arm-eabi': 4.57.1
      '@rollup/rollup-android-arm64': 4.57.1
      '@rollup/rollup-darwin-arm64': 4.57.1
      '@rollup/rollup-darwin-x64': 4.57.1
      '@rollup/rollup-freebsd-arm64': 4.57.1
      '@rollup/rollup-freebsd-x64': 4.57.1
      '@rollup/rollup-linux-arm-gnueabihf': 4.57.1
      '@rollup/rollup-linux-arm-musleabihf': 4.57.1
      '@rollup/rollup-linux-arm64-gnu': 4.57.1
      '@rollup/rollup-linux-arm64-musl': 4.57.1
      '@rollup/rollup-linux-loong64-gnu': 4.57.1
      '@rollup/rollup-linux-loong64-musl': 4.57.1
      '@rollup/rollup-linux-ppc64-gnu': 4.57.1
      '@rollup/rollup-linux-ppc64-musl': 4.57.1
      '@rollup/rollup-linux-riscv64-gnu': 4.57.1
      '@rollup/rollup-linux-riscv64-musl': 4.57.1
      '@rollup/rollup-linux-s390x-gnu': 4.57.1
      '@rollup/rollup-linux-x64-gnu': 4.57.1
      '@rollup/rollup-linux-x64-musl': 4.57.1
      '@rollup/rollup-openbsd-x64': 4.57.1
      '@rollup/rollup-openharmony-arm64': 4.57.1
      '@rollup/rollup-win32-arm64-msvc': 4.57.1
      '@rollup/rollup-win32-ia32-msvc': 4.57.1
      '@rollup/rollup-win32-x64-gnu': 4.57.1
      '@rollup/rollup-win32-x64-msvc': 4.57.1
      fsevents: 2.3.3

  source-map-js@1.2.1: {}

  splaytree-ts@1.0.2: {}

  sweepline-intersections@1.5.0:
    dependencies:
      tinyqueue: 2.0.3

  tinyglobby@0.2.15:
    dependencies:
      fdir: 6.5.0(picomatch@4.0.3)
      picomatch: 4.0.3

  tinyqueue@2.0.3: {}

  tinyqueue@3.0.0: {}

  tslib@2.8.1: {}

  vite@7.3.1:
    dependencies:
      esbuild: 0.27.2
      fdir: 6.5.0(picomatch@4.0.3)
      picomatch: 4.0.3
      postcss: 8.5.6
      rollup: 4.57.1
      tinyglobby: 0.2.15
    optionalDependencies:
      fsevents: 2.3.3
